
Microsoft Visual Studio Solution File, Format Version 12.00
# Visual Studio Version 17
VisualStudioVersion = 17.0.31410.414
MinimumVisualStudioVersion = 10.0.40219.1
Project("{9A19103F-16F7-4668-BE54-9A1E7A4F7556}") = "VirtualGrid", "VirtualGrid\VirtualGrid.csproj", "{DA9BCD02-C8DF-485D-A0EC-651F266940E3}"
EndProject
Project("{9A19103F-16F7-4668-BE54-9A1E7A4F7556}") = "VirtualGrid.Razer", "VirtualGrid.Razer\VirtualGrid.Razer.csproj", "{B9208DCB-BA85-4F1F-9C55-C09455835CFC}"
EndProject
Project("{9A19103F-16F7-4668-BE54-9A1E7A4F7556}") = "VirtualGrid.Asus", "VirtualGrid.Asus\VirtualGrid.Asus.csproj", "{E27119D6-C2B6-4F77-BFB5-85C6B2B45EDE}"
EndProject
Project("{2150E333-8FDC-42A3-9474-1A3956D46DE8}") = "Sample", "Sample", "{32C3361E-A094-4F58-B621-FACCE83697B8}"
EndProject
Project("{9A19103F-16F7-4668-BE54-9A1E7A4F7556}") = "SystemMonitor", "Sample\SystemMonitor\SystemMonitor.csproj", "{C0B8CFE1-D5BC-4EC6-A388-118B17E4A3CE}"
EndProject
Global
	GlobalSection(SolutionConfigurationPlatforms) = preSolution
		Debug|Any CPU = Debug|Any CPU
		Release|Any CPU = Release|Any CPU
	EndGlobalSection
	GlobalSection(ProjectConfigurationPlatforms) = postSolution
		{DA9BCD02-C8DF-485D-A0EC-651F266940E3}.Debug|Any CPU.ActiveCfg = Debug|Any CPU
		{DA9BCD02-C8DF-485D-A0EC-651F266940E3}.Debug|Any CPU.Build.0 = Debug|Any CPU
		{DA9BCD02-C8DF-485D-A0EC-651F266940E3}.Release|Any CPU.ActiveCfg = Release|Any CPU
		{DA9BCD02-C8DF-485D-A0EC-651F266940E3}.Release|Any CPU.Build.0 = Release|Any CPU
		{B9208DCB-BA85-4F1F-9C55-C09455835CFC}.Debug|Any CPU.ActiveCfg = Debug|Any CPU
		{B9208DCB-BA85-4F1F-9C55-C09455835CFC}.Debug|Any CPU.Build.0 = Debug|Any CPU
		{B9208DCB-BA85-4F1F-9C55-C09455835CFC}.Release|Any CPU.ActiveCfg = Release|Any CPU
		{B9208DCB-BA85-4F1F-9C55-C09455835CFC}.Release|Any CPU.Build.0 = Release|Any CPU
		{E27119D6-C2B6-4F77-BFB5-85C6B2B45EDE}.Debug|Any CPU.ActiveCfg = Debug|Any CPU
		{E27119D6-C2B6-4F77-BFB5-85C6B2B45EDE}.Debug|Any CPU.Build.0 = Debug|Any CPU
		{E27119D6-C2B6-4F77-BFB5-85C6B2B45EDE}.Release|Any CPU.ActiveCfg = Release|Any CPU
		{E27119D6-C2B6-4F77-BFB5-85C6B2B45EDE}.Release|Any CPU.Build.0 = Release|Any CPU
		{C0B8CFE1-D5BC-4EC6-A388-118B17E4A3CE}.Debug|Any CPU.ActiveCfg = Debug|Any CPU
		{C0B8CFE1-D5BC-4EC6-A388-118B17E4A3CE}.Debug|Any CPU.Build.0 = Debug|Any CPU
		{C0B8CFE1-D5BC-4EC6-A388-118B17E4A3CE}.Release|Any CPU.ActiveCfg = Release|Any CPU
		{C0B8CFE1-D5BC-4EC6-A388-118B17E4A3CE}.Release|Any CPU.Build.0 = Release|Any CPU
	EndGlobalSection
	GlobalSection(SolutionProperties) = preSolution
		HideSolutionNode = FALSE
	EndGlobalSection
	GlobalSection(NestedProjects) = preSolution
		{C0B8CFE1-D5BC-4EC6-A388-118B17E4A3CE} = {32C3361E-A094-4F58-B621-FACCE83697B8}
	EndGlobalSection
	GlobalSection(ExtensibilityGlobals) = postSolution
		SolutionGuid = {36279C75-4096-4C6D-94C3-52F858D8A040}
	EndGlobalSection
EndGlobal
